
Microsoft Visual Studio Solution File, Format Version 12.00
# Visual Studio Version 16
VisualStudioVersion = 16.0.32413.511
MinimumVisualStudioVersion = 10.0.40219.1
Project("{8BC9CEB8-8B4A-11D0-8D11-00A0C91BC942}") = "KernelDriver", "KernelDriver\KernelDriver.vcxproj", "{33AB1006-7168-4750-8785-BEA133833D3E}"
EndProject
Project("{8BC9CEB8-8B4A-11D0-8D11-00A0C91BC942}") = "GUI_WTL", "GUI_WTL\GUI_WTL.vcxproj", "{B0891374-0FA8-4D1E-89A5-CC3C7534000B}"
EndProject
Project("{8BC9CEB8-8B4A-11D0-8D11-00A0C91BC942}") = "KernelDriverUMSDK", "KernelDriverUMSDK\KernelDriverUMSDK.vcxproj", "{A3C50495-E19F-48FF-94CE-67DFF77FAAE3}"
EndProject
Project("{8BC9CEB8-8B4A-11D0-8D11-00A0C91BC942}") = "CUI", "CUI\CUI.vcxproj", "{02798ECE-D03E-4567-8B7D-FD9BF8E1E171}"
EndProject
Project("{8BC9CEB8-8B4A-11D0-8D11-00A0C91BC942}") = "PluginTemplate", "PluginTemplate\PluginTemplate.vcxproj", "{DE4D7CF2-72EB-46ED-85D3-027259A94269}"
EndProject
Project("{FAE04EC0-301F-11D3-BF4B-00C04F79EFBC}") = "GUI_WinForm", "GUI_WinForm\GUI_WinForm.csproj", "{59A1C257-E0A9-4606-8EF4-63CC0C4B3C2F}"
EndProject
Global
	GlobalSection(SolutionConfigurationPlatforms) = preSolution
		Debug|Any CPU = Debug|Any CPU
		Debug|x64 = Debug|x64
		Debug|x86 = Debug|x86
		Debug-SDKTest|Any CPU = Debug-SDKTest|Any CPU
		Debug-SDKTest|x64 = Debug-SDKTest|x64
		Debug-SDKTest|x86 = Debug-SDKTest|x86
		Release|Any CPU = Release|Any CPU
		Release|x64 = Release|x64
		Release|x86 = Release|x86
		Release-SDKTest|Any CPU = Release-SDKTest|Any CPU
		Release-SDKTest|x64 = Release-SDKTest|x64
		Release-SDKTest|x86 = Release-SDKTest|x86
	EndGlobalSection
	GlobalSection(ProjectConfigurationPlatforms) = postSolution
		{33AB1006-7168-4750-8785-BEA133833D3E}.Debug|Any CPU.ActiveCfg = Debug|Win32
		{33AB1006-7168-4750-8785-BEA133833D3E}.Debug|x64.ActiveCfg = Debug|x64
		{33AB1006-7168-4750-8785-BEA133833D3E}.Debug|x64.Build.0 = Debug|x64
		{33AB1006-7168-4750-8785-BEA133833D3E}.Debug|x64.Deploy.0 = Debug|x64
		{33AB1006-7168-4750-8785-BEA133833D3E}.Debug|x86.ActiveCfg = Debug|Win32
		{33AB1006-7168-4750-8785-BEA133833D3E}.Debug|x86.Build.0 = Debug|Win32
		{33AB1006-7168-4750-8785-BEA133833D3E}.Debug|x86.Deploy.0 = Debug|Win32
		{33AB1006-7168-4750-8785-BEA133833D3E}.Debug-SDKTest|Any CPU.ActiveCfg = Release|Win32
		{33AB1006-7168-4750-8785-BEA133833D3E}.Debug-SDKTest|Any CPU.Build.0 = Release|Win32
		{33AB1006-7168-4750-8785-BEA133833D3E}.Debug-SDKTest|Any CPU.Deploy.0 = Release|Win32
		{33AB1006-7168-4750-8785-BEA133833D3E}.Debug-SDKTest|x64.ActiveCfg = Debug|x64
		{33AB1006-7168-4750-8785-BEA133833D3E}.Debug-SDKTest|x64.Build.0 = Debug|x64
		{33AB1006-7168-4750-8785-BEA133833D3E}.Debug-SDKTest|x64.Deploy.0 = Debug|x64
		{33AB1006-7168-4750-8785-BEA133833D3E}.Debug-SDKTest|x86.ActiveCfg = Debug|Win32
		{33AB1006-7168-4750-8785-BEA133833D3E}.Debug-SDKTest|x86.Build.0 = Debug|Win32
		{33AB1006-7168-4750-8785-BEA133833D3E}.Debug-SDKTest|x86.Deploy.0 = Debug|Win32
		{33AB1006-7168-4750-8785-BEA133833D3E}.Release|Any CPU.ActiveCfg = Release|Win32
		{33AB1006-7168-4750-8785-BEA133833D3E}.Release|x64.ActiveCfg = Release|x64
		{33AB1006-7168-4750-8785-BEA133833D3E}.Release|x64.Build.0 = Release|x64
		{33AB1006-7168-4750-8785-BEA133833D3E}.Release|x64.Deploy.0 = Release|x64
		{33AB1006-7168-4750-8785-BEA133833D3E}.Release|x86.ActiveCfg = Release|Win32
		{33AB1006-7168-4750-8785-BEA133833D3E}.Release|x86.Build.0 = Release|Win32
		{33AB1006-7168-4750-8785-BEA133833D3E}.Release|x86.Deploy.0 = Release|Win32
		{33AB1006-7168-4750-8785-BEA133833D3E}.Release-SDKTest|Any CPU.ActiveCfg = Release|Win32
		{33AB1006-7168-4750-8785-BEA133833D3E}.Release-SDKTest|Any CPU.Build.0 = Release|Win32
		{33AB1006-7168-4750-8785-BEA133833D3E}.Release-SDKTest|Any CPU.Deploy.0 = Release|Win32
		{33AB1006-7168-4750-8785-BEA133833D3E}.Release-SDKTest|x64.ActiveCfg = Release|x64
		{33AB1006-7168-4750-8785-BEA133833D3E}.Release-SDKTest|x64.Build.0 = Release|x64
		{33AB1006-7168-4750-8785-BEA133833D3E}.Release-SDKTest|x64.Deploy.0 = Release|x64
		{33AB1006-7168-4750-8785-BEA133833D3E}.Release-SDKTest|x86.ActiveCfg = Release|Win32
		{33AB1006-7168-4750-8785-BEA133833D3E}.Release-SDKTest|x86.Build.0 = Release|Win32
		{33AB1006-7168-4750-8785-BEA133833D3E}.Release-SDKTest|x86.Deploy.0 = Release|Win32
		{B0891374-0FA8-4D1E-89A5-CC3C7534000B}.Debug|Any CPU.ActiveCfg = Debug|Win32
		{B0891374-0FA8-4D1E-89A5-CC3C7534000B}.Debug|x64.ActiveCfg = Debug|x64
		{B0891374-0FA8-4D1E-89A5-CC3C7534000B}.Debug|x64.Build.0 = Debug|x64
		{B0891374-0FA8-4D1E-89A5-CC3C7534000B}.Debug|x86.ActiveCfg = Debug|Win32
		{B0891374-0FA8-4D1E-89A5-CC3C7534000B}.Debug|x86.Build.0 = Debug|Win32
		{B0891374-0FA8-4D1E-89A5-CC3C7534000B}.Debug-SDKTest|Any CPU.ActiveCfg = Release|Win32
		{B0891374-0FA8-4D1E-89A5-CC3C7534000B}.Debug-SDKTest|Any CPU.Build.0 = Release|Win32
		{B0891374-0FA8-4D1E-89A5-CC3C7534000B}.Debug-SDKTest|x64.ActiveCfg = Debug|x64
		{B0891374-0FA8-4D1E-89A5-CC3C7534000B}.Debug-SDKTest|x64.Build.0 = Debug|x64
		{B0891374-0FA8-4D1E-89A5-CC3C7534000B}.Debug-SDKTest|x86.ActiveCfg = Debug|Win32
		{B0891374-0FA8-4D1E-89A5-CC3C7534000B}.Debug-SDKTest|x86.Build.0 = Debug|Win32
		{B0891374-0FA8-4D1E-89A5-CC3C7534000B}.Release|Any CPU.ActiveCfg = Release|Win32
		{B0891374-0FA8-4D1E-89A5-CC3C7534000B}.Release|x64.ActiveCfg = Release|x64
		{B0891374-0FA8-4D1E-89A5-CC3C7534000B}.Release|x64.Build.0 = Release|x64
		{B0891374-0FA8-4D1E-89A5-CC3C7534000B}.Release|x86.ActiveCfg = Release|Win32
		{B0891374-0FA8-4D1E-89A5-CC3C7534000B}.Release|x86.Build.0 = Release|Win32
		{B0891374-0FA8-4D1E-89A5-CC3C7534000B}.Release-SDKTest|Any CPU.ActiveCfg = Release|Win32
		{B0891374-0FA8-4D1E-89A5-CC3C7534000B}.Release-SDKTest|Any CPU.Build.0 = Release|Win32
		{B0891374-0FA8-4D1E-89A5-CC3C7534000B}.Release-SDKTest|x64.ActiveCfg = Release|x64
		{B0891374-0FA8-4D1E-89A5-CC3C7534000B}.Release-SDKTest|x64.Build.0 = Release|x64
		{B0891374-0FA8-4D1E-89A5-CC3C7534000B}.Release-SDKTest|x86.ActiveCfg = Release|Win32
		{B0891374-0FA8-4D1E-89A5-CC3C7534000B}.Release-SDKTest|x86.Build.0 = Release|Win32
		{A3C50495-E19F-48FF-94CE-67DFF77FAAE3}.Debug|Any CPU.ActiveCfg = Debug|Win32
		{A3C50495-E19F-48FF-94CE-67DFF77FAAE3}.Debug|x64.ActiveCfg = Debug|x64
		{A3C50495-E19F-48FF-94CE-67DFF77FAAE3}.Debug|x64.Build.0 = Debug|x64
		{A3C50495-E19F-48FF-94CE-67DFF77FAAE3}.Debug|x86.ActiveCfg = Debug|Win32
		{A3C50495-E19F-48FF-94CE-67DFF77FAAE3}.Debug|x86.Build.0 = Debug|Win32
		{A3C50495-E19F-48FF-94CE-67DFF77FAAE3}.Debug-SDKTest|Any CPU.ActiveCfg = Debug-SDKTest|Win32
		{A3C50495-E19F-48FF-94CE-67DFF77FAAE3}.Debug-SDKTest|x64.ActiveCfg = Debug-SDKTest|x64
		{A3C50495-E19F-48FF-94CE-67DFF77FAAE3}.Debug-SDKTest|x64.Build.0 = Debug-SDKTest|x64
		{A3C50495-E19F-48FF-94CE-67DFF77FAAE3}.Debug-SDKTest|x86.ActiveCfg = Debug-SDKTest|Win32
		{A3C50495-E19F-48FF-94CE-67DFF77FAAE3}.Debug-SDKTest|x86.Build.0 = Debug-SDKTest|Win32
		{A3C50495-E19F-48FF-94CE-67DFF77FAAE3}.Release|Any CPU.ActiveCfg = Release|Win32
		{A3C50495-E19F-48FF-94CE-67DFF77FAAE3}.Release|x64.ActiveCfg = Release|x64
		{A3C50495-E19F-48FF-94CE-67DFF77FAAE3}.Release|x64.Build.0 = Release|x64
		{A3C50495-E19F-48FF-94CE-67DFF77FAAE3}.Release|x86.ActiveCfg = Release|Win32
		{A3C50495-E19F-48FF-94CE-67DFF77FAAE3}.Release|x86.Build.0 = Release|Win32
		{A3C50495-E19F-48FF-94CE-67DFF77FAAE3}.Release-SDKTest|Any CPU.ActiveCfg = Release-SDKTest|Win32
		{A3C50495-E19F-48FF-94CE-67DFF77FAAE3}.Release-SDKTest|x64.ActiveCfg = Release-SDKTest|x64
		{A3C50495-E19F-48FF-94CE-67DFF77FAAE3}.Release-SDKTest|x64.Build.0 = Release-SDKTest|x64
		{A3C50495-E19F-48FF-94CE-67DFF77FAAE3}.Release-SDKTest|x86.ActiveCfg = Release-SDKTest|Win32
		{A3C50495-E19F-48FF-94CE-67DFF77FAAE3}.Release-SDKTest|x86.Build.0 = Release-SDKTest|Win32
		{02798ECE-D03E-4567-8B7D-FD9BF8E1E171}.Debug|Any CPU.ActiveCfg = Debug|Win32
		{02798ECE-D03E-4567-8B7D-FD9BF8E1E171}.Debug|x64.ActiveCfg = Debug|x64
		{02798ECE-D03E-4567-8B7D-FD9BF8E1E171}.Debug|x64.Build.0 = Debug|x64
		{02798ECE-D03E-4567-8B7D-FD9BF8E1E171}.Debug|x86.ActiveCfg = Debug|Win32
		{02798ECE-D03E-4567-8B7D-FD9BF8E1E171}.Debug|x86.Build.0 = Debug|Win32
		{02798ECE-D03E-4567-8B7D-FD9BF8E1E171}.Debug-SDKTest|Any CPU.ActiveCfg = Release|Win32
		{02798ECE-D03E-4567-8B7D-FD9BF8E1E171}.Debug-SDKTest|Any CPU.Build.0 = Release|Win32
		{02798ECE-D03E-4567-8B7D-FD9BF8E1E171}.Debug-SDKTest|x64.ActiveCfg = Debug|x64
		{02798ECE-D03E-4567-8B7D-FD9BF8E1E171}.Debug-SDKTest|x64.Build.0 = Debug|x64
		{02798ECE-D03E-4567-8B7D-FD9BF8E1E171}.Debug-SDKTest|x86.ActiveCfg = Debug|Win32
		{02798ECE-D03E-4567-8B7D-FD9BF8E1E171}.Debug-SDKTest|x86.Build.0 = Debug|Win32
		{02798ECE-D03E-4567-8B7D-FD9BF8E1E171}.Release|Any CPU.ActiveCfg = Release|Win32
		{02798ECE-D03E-4567-8B7D-FD9BF8E1E171}.Release|x64.ActiveCfg = Release|x64
		{02798ECE-D03E-4567-8B7D-FD9BF8E1E171}.Release|x64.Build.0 = Release|x64
		{02798ECE-D03E-4567-8B7D-FD9BF8E1E171}.Release|x86.ActiveCfg = Release|Win32
		{02798ECE-D03E-4567-8B7D-FD9BF8E1E171}.Release|x86.Build.0 = Release|Win32
		{02798ECE-D03E-4567-8B7D-FD9BF8E1E171}.Release-SDKTest|Any CPU.ActiveCfg = Release|Win32
		{02798ECE-D03E-4567-8B7D-FD9BF8E1E171}.Release-SDKTest|Any CPU.Build.0 = Release|Win32
		{02798ECE-D03E-4567-8B7D-FD9BF8E1E171}.Release-SDKTest|x64.ActiveCfg = Release|x64
		{02798ECE-D03E-4567-8B7D-FD9BF8E1E171}.Release-SDKTest|x64.Build.0 = Release|x64
		{02798ECE-D03E-4567-8B7D-FD9BF8E1E171}.Release-SDKTest|x86.ActiveCfg = Release|Win32
		{02798ECE-D03E-4567-8B7D-FD9BF8E1E171}.Release-SDKTest|x86.Build.0 = Release|Win32
		{DE4D7CF2-72EB-46ED-85D3-027259A94269}.Debug|Any CPU.ActiveCfg = Debug|Win32
		{DE4D7CF2-72EB-46ED-85D3-027259A94269}.Debug|x64.ActiveCfg = Debug|x64
		{DE4D7CF2-72EB-46ED-85D3-027259A94269}.Debug|x64.Build.0 = Debug|x64
		{DE4D7CF2-72EB-46ED-85D3-027259A94269}.Debug|x86.ActiveCfg = Debug|Win32
		{DE4D7CF2-72EB-46ED-85D3-027259A94269}.Debug|x86.Build.0 = Debug|Win32
		{DE4D7CF2-72EB-46ED-85D3-027259A94269}.Debug-SDKTest|Any CPU.ActiveCfg = Release|Win32
		{DE4D7CF2-72EB-46ED-85D3-027259A94269}.Debug-SDKTest|Any CPU.Build.0 = Release|Win32
		{DE4D7CF2-72EB-46ED-85D3-027259A94269}.Debug-SDKTest|x64.ActiveCfg = Debug|x64
		{DE4D7CF2-72EB-46ED-85D3-027259A94269}.Debug-SDKTest|x64.Build.0 = Debug|x64
		{DE4D7CF2-72EB-46ED-85D3-027259A94269}.Debug-SDKTest|x86.ActiveCfg = Debug|Win32
		{DE4D7CF2-72EB-46ED-85D3-027259A94269}.Debug-SDKTest|x86.Build.0 = Debug|Win32
		{DE4D7CF2-72EB-46ED-85D3-027259A94269}.Release|Any CPU.ActiveCfg = Release|Win32
		{DE4D7CF2-72EB-46ED-85D3-027259A94269}.Release|x64.ActiveCfg = Release|x64
		{DE4D7CF2-72EB-46ED-85D3-027259A94269}.Release|x64.Build.0 = Release|x64
		{DE4D7CF2-72EB-46ED-85D3-027259A94269}.Release|x86.ActiveCfg = Release|Win32
		{DE4D7CF2-72EB-46ED-85D3-027259A94269}.Release|x86.Build.0 = Release|Win32
		{DE4D7CF2-72EB-46ED-85D3-027259A94269}.Release-SDKTest|Any CPU.ActiveCfg = Release|Win32
		{DE4D7CF2-72EB-46ED-85D3-027259A94269}.Release-SDKTest|Any CPU.Build.0 = Release|Win32
		{DE4D7CF2-72EB-46ED-85D3-027259A94269}.Release-SDKTest|x64.ActiveCfg = Release|x64
		{DE4D7CF2-72EB-46ED-85D3-027259A94269}.Release-SDKTest|x64.Build.0 = Release|x64
		{DE4D7CF2-72EB-46ED-85D3-027259A94269}.Release-SDKTest|x86.ActiveCfg = Release|Win32
		{DE4D7CF2-72EB-46ED-85D3-027259A94269}.Release-SDKTest|x86.Build.0 = Release|Win32
		{59A1C257-E0A9-4606-8EF4-63CC0C4B3C2F}.Debug|Any CPU.ActiveCfg = Debug|Any CPU
		{59A1C257-E0A9-4606-8EF4-63CC0C4B3C2F}.Debug|Any CPU.Build.0 = Debug|Any CPU
		{59A1C257-E0A9-4606-8EF4-63CC0C4B3C2F}.Debug|x64.ActiveCfg = Debug|Any CPU
		{59A1C257-E0A9-4606-8EF4-63CC0C4B3C2F}.Debug|x64.Build.0 = Debug|Any CPU
		{59A1C257-E0A9-4606-8EF4-63CC0C4B3C2F}.Debug|x86.ActiveCfg = Debug|Any CPU
		{59A1C257-E0A9-4606-8EF4-63CC0C4B3C2F}.Debug|x86.Build.0 = Debug|Any CPU
		{59A1C257-E0A9-4606-8EF4-63CC0C4B3C2F}.Debug-SDKTest|Any CPU.ActiveCfg = Debug|Any CPU
		{59A1C257-E0A9-4606-8EF4-63CC0C4B3C2F}.Debug-SDKTest|Any CPU.Build.0 = Debug|Any CPU
		{59A1C257-E0A9-4606-8EF4-63CC0C4B3C2F}.Debug-SDKTest|x64.ActiveCfg = Debug|Any CPU
		{59A1C257-E0A9-4606-8EF4-63CC0C4B3C2F}.Debug-SDKTest|x64.Build.0 = Debug|Any CPU
		{59A1C257-E0A9-4606-8EF4-63CC0C4B3C2F}.Debug-SDKTest|x86.ActiveCfg = Debug|Any CPU
		{59A1C257-E0A9-4606-8EF4-63CC0C4B3C2F}.Debug-SDKTest|x86.Build.0 = Debug|Any CPU
		{59A1C257-E0A9-4606-8EF4-63CC0C4B3C2F}.Release|Any CPU.ActiveCfg = Release|Any CPU
		{59A1C257-E0A9-4606-8EF4-63CC0C4B3C2F}.Release|Any CPU.Build.0 = Release|Any CPU
		{59A1C257-E0A9-4606-8EF4-63CC0C4B3C2F}.Release|x64.ActiveCfg = Release|Any CPU
		{59A1C257-E0A9-4606-8EF4-63CC0C4B3C2F}.Release|x64.Build.0 = Release|Any CPU
		{59A1C257-E0A9-4606-8EF4-63CC0C4B3C2F}.Release|x86.ActiveCfg = Release|Any CPU
		{59A1C257-E0A9-4606-8EF4-63CC0C4B3C2F}.Release|x86.Build.0 = Release|Any CPU
		{59A1C257-E0A9-4606-8EF4-63CC0C4B3C2F}.Release-SDKTest|Any CPU.ActiveCfg = Release|Any CPU
		{59A1C257-E0A9-4606-8EF4-63CC0C4B3C2F}.Release-SDKTest|Any CPU.Build.0 = Release|Any CPU
		{59A1C257-E0A9-4606-8EF4-63CC0C4B3C2F}.Release-SDKTest|x64.ActiveCfg = Release|Any CPU
		{59A1C257-E0A9-4606-8EF4-63CC0C4B3C2F}.Release-SDKTest|x64.Build.0 = Release|Any CPU
		{59A1C257-E0A9-4606-8EF4-63CC0C4B3C2F}.Release-SDKTest|x86.ActiveCfg = Release|Any CPU
		{59A1C257-E0A9-4606-8EF4-63CC0C4B3C2F}.Release-SDKTest|x86.Build.0 = Release|Any CPU
	EndGlobalSection
	GlobalSection(SolutionProperties) = preSolution
		HideSolutionNode = FALSE
	EndGlobalSection
	GlobalSection(ExtensibilityGlobals) = postSolution
		SolutionGuid = {E4654EFD-6E2E-4E8B-A7F1-F578A5D1F6E2}
	EndGlobalSection
EndGlobal
